
Microsoft Visual Studio Solution File, Format Version 12.00
# Visual Studio 2012
Project("{8BC9CEB8-8B4A-11D0-8D11-00A0C91BC942}") = "AlDB", "AlDB.vcxproj", "{079C10FD-6600-4D55-AEB2-D716E8DCB92F}"
EndProject
Global
	GlobalSection(SolutionConfigurationPlatforms) = preSolution
		Debug|Win32 = Debug|Win32
		Release|Win32 = Release|Win32
	EndGlobalSection
	GlobalSection(ProjectConfigurationPlatforms) = postSolution
		{079C10FD-6600-4D55-AEB2-D716E8DCB92F}.Debug|Win32.ActiveCfg = Debug|Win32
		{079C10FD-6600-4D55-AEB2-D716E8DCB92F}.Debug|Win32.Build.0 = Debug|Win32
		{079C10FD-6600-4D55-AEB2-D716E8DCB92F}.Release|Win32.ActiveCfg = Release|Win32
		{079C10FD-6600-4D55-AEB2-D716E8DCB92F}.Release|Win32.Build.0 = Release|Win32
	EndGlobalSection
	GlobalSection(SolutionProperties) = preSolution
		HideSolutionNode = FALSE
	EndGlobalSection
EndGlobal
